// !$*UTF8*$!
{
	archiveVersion = 1;
	classes = {
	};
	objectVersion = 46;
	objects = {

/* Begin PBXBuildFile section */
		955738761FC3E4F800330ADC /* AppDelegate.swift in Sources */ = {isa = PBXBuildFile; fileRef = 955738751FC3E4F800330ADC /* AppDelegate.swift */; };
		955738781FC3E4F800330ADC /* ViewController.swift in Sources */ = {isa = PBXBuildFile; fileRef = 955738771FC3E4F800330ADC /* ViewController.swift */; };
		9557387B1FC3E4F800330ADC /* Main.storyboard in Resources */ = {isa = PBXBuildFile; fileRef = 955738791FC3E4F800330ADC /* Main.storyboard */; };
		9557387E1FC3E4F800330ADC /* FOODme.xcdatamodeld in Sources */ = {isa = PBXBuildFile; fileRef = 9557387C1FC3E4F800330ADC /* FOODme.xcdatamodeld */; };
		955738801FC3E4F800330ADC /* Assets.xcassets in Resources */ = {isa = PBXBuildFile; fileRef = 9557387F1FC3E4F800330ADC /* Assets.xcassets */; };
		955738831FC3E4F800330ADC /* LaunchScreen.storyboard in Resources */ = {isa = PBXBuildFile; fileRef = 955738811FC3E4F800330ADC /* LaunchScreen.storyboard */; };
		9557388E1FC3E4F900330ADC /* FOODmeTests.swift in Sources */ = {isa = PBXBuildFile; fileRef = 9557388D1FC3E4F900330ADC /* FOODmeTests.swift */; };
		955738991FC3E4F900330ADC /* FOODmeUITests.swift in Sources */ = {isa = PBXBuildFile; fileRef = 955738981FC3E4F900330ADC /* FOODmeUITests.swift */; };
/* End PBXBuildFile section */

/* Begin PBXContainerItemProxy section */
		9557388A1FC3E4F900330ADC /* PBXContainerItemProxy */ = {
			isa = PBXContainerItemProxy;
			containerPortal = 9557386A1FC3E4F800330ADC /* Project object */;
			proxyType = 1;
			remoteGlobalIDString = 955738711FC3E4F800330ADC;
			remoteInfo = FOODme;
		};
		955738951FC3E4F900330ADC /* PBXContainerItemProxy */ = {
			isa = PBXContainerItemProxy;
			containerPortal = 9557386A1FC3E4F800330ADC /* Project object */;
			proxyType = 1;
			remoteGlobalIDString = 955738711FC3E4F800330ADC;
			remoteInfo = FOODme;
		};
/* End PBXContainerItemProxy section */

/* Begin PBXFileReference section */
		955738721FC3E4F800330ADC /* FOODme.app */ = {isa = PBXFileReference; explicitFileType = wrapper.application; includeInIndex = 0; path = FOODme.app; sourceTree = BUILT_PRODUCTS_DIR; };
		955738751FC3E4F800330ADC /* AppDelegate.swift */ = {isa = PBXFileReference; lastKnownFileType = sourcecode.swift; path = AppDelegate.swift; sourceTree = "<group>"; };
		955738771FC3E4F800330ADC /* ViewController.swift */ = {isa = PBXFileReference; lastKnownFileType = sourcecode.swift; path = ViewController.swift; sourceTree = "<group>"; };
		9557387A1FC3E4F800330ADC /* Base */ = {isa = PBXFileReference; lastKnownFileType = file.storyboard; name = Base; path = Base.lproj/Main.storyboard; sourceTree = "<group>"; };
		9557387D1FC3E4F800330ADC /* FOODme.xcdatamodel */ = {isa = PBXFileReference; lastKnownFileType = wrapper.xcdatamodel; path = FOODme.xcdatamodel; sourceTree = "<group>"; };
		9557387F1FC3E4F800330ADC /* Assets.xcassets */ = {isa = PBXFileReference; lastKnownFileType = folder.assetcatalog; path = Assets.xcassets; sourceTree = "<group>"; };
		955738821FC3E4F800330ADC /* Base */ = {isa = PBXFileReference; lastKnownFileType = file.storyboard; name = Base; path = Base.lproj/LaunchScreen.storyboard; sourceTree = "<group>"; };
		955738841FC3E4F800330ADC /* Info.plist */ = {isa = PBXFileReference; lastKnownFileType = text.plist.xml; path = Info.plist; sourceTree = "<group>"; };
		955738891FC3E4F900330ADC /* FOODmeTests.xctest */ = {isa = PBXFileReference; explicitFileType = wrapper.cfbundle; includeInIndex = 0; path = FOODmeTests.xctest; sourceTree = BUILT_PRODUCTS_DIR; };
		9557388D1FC3E4F900330ADC /* FOODmeTests.swift */ = {isa = PBXFileReference; lastKnownFileType = sourcecode.swift; path = FOODmeTests.swift; sourceTree = "<group>"; };
		9557388F1FC3E4F900330ADC /* Info.plist */ = {isa = PBXFileReference; lastKnownFileType = text.plist.xml; path = Info.plist; sourceTree = "<group>"; };
		955738941FC3E4F900330ADC /* FOODmeUITests.xctest */ = {isa = PBXFileReference; explicitFileType = wrapper.cfbundle; includeInIndex = 0; path = FOODmeUITests.xctest; sourceTree = BUILT_PRODUCTS_DIR; };
		955738981FC3E4F900330ADC /* FOODmeUITests.swift */ = {isa = PBXFileReference; lastKnownFileType = sourcecode.swift; path = FOODmeUITests.swift; sourceTree = "<group>"; };
		9557389A1FC3E4F900330ADC /* Info.plist */ = {isa = PBXFileReference; lastKnownFileType = text.plist.xml; path = Info.plist; sourceTree = "<group>"; };
/* End PBXFileReference section */

/* Begin PBXFrameworksBuildPhase section */
		9557386F1FC3E4F800330ADC /* Frameworks */ = {
			isa = PBXFrameworksBuildPhase;
			buildActionMask = 2147483647;
			files = (
			);
			runOnlyForDeploymentPostprocessing = 0;
		};
		955738861FC3E4F900330ADC /* Frameworks */ = {
			isa = PBXFrameworksBuildPhase;
			buildActionMask = 2147483647;
			files = (
			);
			runOnlyForDeploymentPostprocessing = 0;
		};
		955738911FC3E4F900330ADC /* Frameworks */ = {
			isa = PBXFrameworksBuildPhase;
			buildActionMask = 2147483647;
			files = (
			);
			runOnlyForDeploymentPostprocessing = 0;
		};
/* End PBXFrameworksBuildPhase section */

/* Begin PBXGroup section */
		955738691FC3E4F800330ADC = {
			isa = PBXGroup;
			children = (
				955738741FC3E4F800330ADC /* FOODme */,
				9557388C1FC3E4F900330ADC /* FOODmeTests */,
				955738971FC3E4F900330ADC /* FOODmeUITests */,
				955738731FC3E4F800330ADC /* Products */,
			);
			sourceTree = "<group>";
		};
		955738731FC3E4F800330ADC /* Products */ = {
			isa = PBXGroup;
			children = (
				955738721FC3E4F800330ADC /* FOODme.app */,
				955738891FC3E4F900330ADC /* FOODmeTests.xctest */,
				955738941FC3E4F900330ADC /* FOODmeUITests.xctest */,
			);
			name = Products;
			sourceTree = "<group>";
		};
		955738741FC3E4F800330ADC /* FOODme */ = {
			isa = PBXGroup;
			children = (
				955738751FC3E4F800330ADC /* AppDelegate.swift */,
				955738771FC3E4F800330ADC /* ViewController.swift */,
				955738791FC3E4F800330ADC /* Main.storyboard */,
				9557387F1FC3E4F800330ADC /* Assets.xcassets */,
				955738811FC3E4F800330ADC /* LaunchScreen.storyboard */,
				955738841FC3E4F800330ADC /* Info.plist */,
				9557387C1FC3E4F800330ADC /* FOODme.xcdatamodeld */,
			);
			path = FOODme;
			sourceTree = "<group>";
		};
		9557388C1FC3E4F900330ADC /* FOODmeTests */ = {
			isa = PBXGroup;
			children = (
				9557388D1FC3E4F900330ADC /* FOODmeTests.swift */,
				9557388F1FC3E4F900330ADC /* Info.plist */,
			);
			path = FOODmeTests;
			sourceTree = "<group>";
		};
		955738971FC3E4F900330ADC /* FOODmeUITests */ = {
			isa = PBXGroup;
			children = (
				955738981FC3E4F900330ADC /* FOODmeUITests.swift */,
				9557389A1FC3E4F900330ADC /* Info.plist */,
			);
			path = FOODmeUITests;
			sourceTree = "<group>";
		};
/* End PBXGroup section */

/* Begin PBXNativeTarget section */
		955738711FC3E4F800330ADC /* FOODme */ = {
			isa = PBXNativeTarget;
			buildConfigurationList = 9557389D1FC3E4F900330ADC /* Build configuration list for PBXNativeTarget "FOODme" */;
			buildPhases = (
				9557386E1FC3E4F800330ADC /* Sources */,
				9557386F1FC3E4F800330ADC /* Frameworks */,
				955738701FC3E4F800330ADC /* Resources */,
			);
			buildRules = (
			);
			dependencies = (
			);
			name = FOODme;
			productName = FOODme;
			productReference = 955738721FC3E4F800330ADC /* FOODme.app */;
			productType = "com.apple.product-type.application";
		};
		955738881FC3E4F900330ADC /* FOODmeTests */ = {
			isa = PBXNativeTarget;
			buildConfigurationList = 955738A01FC3E4F900330ADC /* Build configuration list for PBXNativeTarget "FOODmeTests" */;
			buildPhases = (
				955738851FC3E4F900330ADC /* Sources */,
				955738861FC3E4F900330ADC /* Frameworks */,
				955738871FC3E4F900330ADC /* Resources */,
			);
			buildRules = (
			);
			dependencies = (
				9557388B1FC3E4F900330ADC /* PBXTargetDependency */,
			);
			name = FOODmeTests;
			productName = FOODmeTests;
			productReference = 955738891FC3E4F900330ADC /* FOODmeTests.xctest */;
			productType = "com.apple.product-type.bundle.unit-test";
		};
		955738931FC3E4F900330ADC /* FOODmeUITests */ = {
			isa = PBXNativeTarget;
			buildConfigurationList = 955738A31FC3E4F900330ADC /* Build configuration list for PBXNativeTarget "FOODmeUITests" */;
			buildPhases = (
				955738901FC3E4F900330ADC /* Sources */,
				955738911FC3E4F900330ADC /* Frameworks */,
				955738921FC3E4F900330ADC /* Resources */,
			);
			buildRules = (
			);
			dependencies = (
				955738961FC3E4F900330ADC /* PBXTargetDependency */,
			);
			name = FOODmeUITests;
			productName = FOODmeUITests;
			productReference = 955738941FC3E4F900330ADC /* FOODmeUITests.xctest */;
			productType = "com.apple.product-type.bundle.ui-testing";
		};
/* End PBXNativeTarget section */

/* Begin PBXProject section */
		9557386A1FC3E4F800330ADC /* Project object */ = {
			isa = PBXProject;
			attributes = {
				LastSwiftUpdateCheck = 0830;
				LastUpgradeCheck = 0830;
				ORGANIZATIONNAME = "M a t t h e w";
				TargetAttributes = {
					955738711FC3E4F800330ADC = {
						CreatedOnToolsVersion = 8.3.3;
						DevelopmentTeam = SF5MC74SH2;
						ProvisioningStyle = Automatic;
					};
					955738881FC3E4F900330ADC = {
						CreatedOnToolsVersion = 8.3.3;
						DevelopmentTeam = SF5MC74SH2;
						ProvisioningStyle = Automatic;
						TestTargetID = 955738711FC3E4F800330ADC;
					};
					955738931FC3E4F900330ADC = {
						CreatedOnToolsVersion = 8.3.3;
						DevelopmentTeam = SF5MC74SH2;
						ProvisioningStyle = Automatic;
						TestTargetID = 955738711FC3E4F800330ADC;
					};
				};
			};
			buildConfigurationList = 9557386D1FC3E4F800330ADC /* Build configuration list for PBXProject "FOODme" */;
			compatibilityVersion = "Xcode 3.2";
			developmentRegion = English;
			hasScannedForEncodings = 0;
			knownRegions = (
				en,
				Base,
			);
			mainGroup = 955738691FC3E4F800330ADC;
			productRefGroup = 955738731FC3E4F800330ADC /* Products */;
			projectDirPath = "";
			projectRoot = "";
			targets = (
				955738711FC3E4F800330ADC /* FOODme */,
				955738881FC3E4F900330ADC /* FOODmeTests */,
				955738931FC3E4F900330ADC /* FOODmeUITests */,
			);
		};
/* End PBXProject section */

/* Begin PBXResourcesBuildPhase section */
		955738701FC3E4F800330ADC /* Resources */ = {
			isa = PBXResourcesBuildPhase;
			buildActionMask = 2147483647;
			files = (
				955738831FC3E4F800330ADC /* LaunchScreen.storyboard in Resources */,
				955738801FC3E4F800330ADC /* Assets.xcassets in Resources */,
				9557387B1FC3E4F800330ADC /* Main.storyboard in Resources */,
			);
			runOnlyForDeploymentPostprocessing = 0;
		};
		955738871FC3E4F900330ADC /* Resources */ = {
			isa = PBXResourcesBuildPhase;
			buildActionMask = 2147483647;
			files = (
			);
			runOnlyForDeploymentPostprocessing = 0;
		};
		955738921FC3E4F900330ADC /* Resources */ = {
			isa = PBXResourcesBuildPhase;
			buildActionMask = 2147483647;
			files = (
			);
			runOnlyForDeploymentPostprocessing = 0;
		};
/* End PBXResourcesBuildPhase section */

/* Begin PBXSourcesBuildPhase section */
		9557386E1FC3E4F800330ADC /* Sources */ = {
			isa = PBXSourcesBuildPhase;
			buildActionMask = 2147483647;
			files = (
				9557387E1FC3E4F800330ADC /* FOODme.xcdatamodeld in Sources */,
				955738781FC3E4F800330ADC /* ViewController.swift in Sources */,
				955738761FC3E4F800330ADC /* AppDelegate.swift in Sources */,
			);
			runOnlyForDeploymentPostprocessing = 0;
		};
		955738851FC3E4F900330ADC /* Sources */ = {
			isa = PBXSourcesBuildPhase;
			buildActionMask = 2147483647;
			files = (
				9557388E1FC3E4F900330ADC /* FOODmeTests.swift in Sources */,
			);
			runOnlyForDeploymentPostprocessing = 0;
		};
		955738901FC3E4F900330ADC /* Sources */ = {
			isa = PBXSourcesBuildPhase;
			buildActionMask = 2147483647;
			files = (
				955738991FC3E4F900330ADC /* FOODmeUITests.swift in Sources */,
			);
			runOnlyForDeploymentPostprocessing = 0;
		};
/* End PBXSourcesBuildPhase section */

/* Begin PBXTargetDependency section */
		9557388B1FC3E4F900330ADC /* PBXTargetDependency */ = {
			isa = PBXTargetDependency;
			target = 955738711FC3E4F800330ADC /* FOODme */;
			targetProxy = 9557388A1FC3E4F900330ADC /* PBXContainerItemProxy */;
		};
		955738961FC3E4F900330ADC /* PBXTargetDependency */ = {
			isa = PBXTargetDependency;
			target = 955738711FC3E4F800330ADC /* FOODme */;
			targetProxy = 955738951FC3E4F900330ADC /* PBXContainerItemProxy */;
		};
/* End PBXTargetDependency section */

/* Begin PBXVariantGroup section */
		955738791FC3E4F800330ADC /* Main.storyboard */ = {
			isa = PBXVariantGroup;
			children = (
				9557387A1FC3E4F800330ADC /* Base */,
			);
			name = Main.storyboard;
			sourceTree = "<group>";
		};
		955738811FC3E4F800330ADC /* LaunchScreen.storyboard */ = {
			isa = PBXVariantGroup;
			children = (
				955738821FC3E4F800330ADC /* Base */,
			);
			name = LaunchScreen.storyboard;
			sourceTree = "<group>";
		};
/* End PBXVariantGroup section */

/* Begin XCBuildConfiguration section */
		9557389B1FC3E4F900330ADC /* Debug */ = {
			isa = XCBuildConfiguration;
			buildSettings = {
				ALWAYS_SEARCH_USER_PATHS = NO;
				CLANG_ANALYZER_NONNULL = YES;
				CLANG_ANALYZER_NUMBER_OBJECT_CONVERSION = YES_AGGRESSIVE;
				CLANG_CXX_LANGUAGE_STANDARD = "gnu++0x";
				CLANG_CXX_LIBRARY = "libc++";
				CLANG_ENABLE_MODULES = YES;
				CLANG_ENABLE_OBJC_ARC = YES;
				CLANG_WARN_BOOL_CONVERSION = YES;
				CLANG_WARN_CONSTANT_CONVERSION = YES;
				CLANG_WARN_DIRECT_OBJC_ISA_USAGE = YES_ERROR;
				CLANG_WARN_DOCUMENTATION_COMMENTS = YES;
				CLANG_WARN_EMPTY_BODY = YES;
				CLANG_WARN_ENUM_CONVERSION = YES;
				CLANG_WARN_INFINITE_RECURSION = YES;
				CLANG_WARN_INT_CONVERSION = YES;
				CLANG_WARN_OBJC_ROOT_CLASS = YES_ERROR;
				CLANG_WARN_SUSPICIOUS_MOVE = YES;
				CLANG_WARN_UNREACHABLE_CODE = YES;
				CLANG_WARN__DUPLICATE_METHOD_MATCH = YES;
				"CODE_SIGN_IDENTITY[sdk=iphoneos*]" = "iPhone Developer";
				COPY_PHASE_STRIP = NO;
				DEBUG_INFORMATION_FORMAT = dwarf;
				ENABLE_STRICT_OBJC_MSGSEND = YES;
				ENABLE_TESTABILITY = YES;
				GCC_C_LANGUAGE_STANDARD = gnu99;
				GCC_DYNAMIC_NO_PIC = NO;
				GCC_NO_COMMON_BLOCKS = YES;
				GCC_OPTIMIZATION_LEVEL = 0;
				GCC_PREPROCESSOR_DEFINITIONS = (
					"DEBUG=1",
					"$(inherited)",
				);
				GCC_WARN_64_TO_32_BIT_CONVERSION = YES;
				GCC_WARN_ABOUT_RETURN_TYPE = YES_ERROR;
				GCC_WARN_UNDECLARED_SELECTOR = YES;
				GCC_WARN_UNINITIALIZED_AUTOS = YES_AGGRESSIVE;
				GCC_WARN_UNUSED_FUNCTION = YES;
				GCC_WARN_UNUSED_VARIABLE = YES;
				IPHONEOS_DEPLOYMENT_TARGET = 10.3;
				MTL_ENABLE_DEBUG_INFO = YES;
				ONLY_ACTIVE_ARCH = YES;
				SDKROOT = iphoneos;
				SWIFT_ACTIVE_COMPILATION_CONDITIONS = DEBUG;
				SWIFT_OPTIMIZATION_LEVEL = "-Onone";
				TARGETED_DEVICE_FAMILY = "1,2";
			};
			name = Debug;
		};
		9557389C1FC3E4F900330ADC /* Release */ = {
			isa = XCBuildConfiguration;
			buildSettings = {
				ALWAYS_SEARCH_USER_PATHS = NO;
				CLANG_ANALYZER_NONNULL = YES;
				CLANG_ANALYZER_NUMBER_OBJECT_CONVERSION = YES_AGGRESSIVE;
				CLANG_CXX_LANGUAGE_STANDARD = "gnu++0x";
				CLANG_CXX_LIBRARY = "libc++";
				CLANG_ENABLE_MODULES = YES;
				CLANG_ENABLE_OBJC_ARC = YES;
				CLANG_WARN_BOOL_CONVERSION = YES;
				CLANG_WARN_CONSTANT_CONVERSION = YES;
				CLANG_WARN_DIRECT_OBJC_ISA_USAGE = YES_ERROR;
				CLANG_WARN_DOCUMENTATION_COMMENTS = YES;
				CLANG_WARN_EMPTY_BODY = YES;
				CLANG_WARN_ENUM_CONVERSION = YES;
				CLANG_WARN_INFINITE_RECURSION = YES;
				CLANG_WARN_INT_CONVERSION = YES;
				CLANG_WARN_OBJC_ROOT_CLASS = YES_ERROR;
				CLANG_WARN_SUSPICIOUS_MOVE = YES;
				CLANG_WARN_UNREACHABLE_CODE = YES;
				CLANG_WARN__DUPLICATE_METHOD_MATCH = YES;
				"CODE_SIGN_IDENTITY[sdk=iphoneos*]" = "iPhone Developer";
				COPY_PHASE_STRIP = NO;
				DEBUG_INFORMATION_FORMAT = "dwarf-with-dsym";
				ENABLE_NS_ASSERTIONS = NO;
				ENABLE_STRICT_OBJC_MSGSEND = YES;
				GCC_C_LANGUAGE_STANDARD = gnu99;
				GCC_NO_COMMON_BLOCKS = YES;
				GCC_WARN_64_TO_32_BIT_CONVERSION = YES;
				GCC_WARN_ABOUT_RETURN_TYPE = YES_ERROR;
				GCC_WARN_UNDECLARED_SELECTOR = YES;
				GCC_WARN_UNINITIALIZED_AUTOS = YES_AGGRESSIVE;
				GCC_WARN_UNUSED_FUNCTION = YES;
				GCC_WARN_UNUSED_VARIABLE = YES;
				IPHONEOS_DEPLOYMENT_TARGET = 10.3;
				MTL_ENABLE_DEBUG_INFO = NO;
				SDKROOT = iphoneos;
				SWIFT_OPTIMIZATION_LEVEL = "-Owholemodule";
				TARGETED_DEVICE_FAMILY = "1,2";
				VALIDATE_PRODUCT = YES;
			};
			name = Release;
		};
		9557389E1FC3E4F900330ADC /* Debug */ = {
			isa = XCBuildConfiguration;
			buildSettings = {
				ASSETCATALOG_COMPILER_APPICON_NAME = AppIcon;
				DEVELOPMENT_TEAM = SF5MC74SH2;
				INFOPLIST_FILE = FOODme/Info.plist;
				LD_RUNPATH_SEARCH_PATHS = "$(inherited) @executable_path/Frameworks";
				PRODUCT_BUNDLE_IDENTIFIER = com.codingdojo.FOODme;
				PRODUCT_NAME = "$(TARGET_NAME)";
				SWIFT_VERSION = 3.0;
			};
			name = Debug;
		};
		9557389F1FC3E4F900330ADC /* Release */ = {
			isa = XCBuildConfiguration;
			buildSettings = {
				ASSETCATALOG_COMPILER_APPICON_NAME = AppIcon;
				DEVELOPMENT_TEAM = SF5MC74SH2;
				INFOPLIST_FILE = FOODme/Info.plist;
				LD_RUNPATH_SEARCH_PATHS = "$(inherited) @executable_path/Frameworks";
				PRODUCT_BUNDLE_IDENTIFIER = com.codingdojo.FOODme;
				PRODUCT_NAME = "$(TARGET_NAME)";
				SWIFT_VERSION = 3.0;
			};
			name = Release;
		};
		955738A11FC3E4F900330ADC /* Debug */ = {
			isa = XCBuildConfiguration;
			buildSettings = {
				ALWAYS_EMBED_SWIFT_STANDARD_LIBRARIES = YES;
				BUNDLE_LOADER = "$(TEST_HOST)";
				DEVELOPMENT_TEAM = SF5MC74SH2;
				INFOPLIST_FILE = FOODmeTests/Info.plist;
				LD_RUNPATH_SEARCH_PATHS = "$(inherited) @executable_path/Frameworks @loader_path/Frameworks";
				PRODUCT_BUNDLE_IDENTIFIER = com.codingdojo.FOODmeTests;
				PRODUCT_NAME = "$(TARGET_NAME)";
				SWIFT_VERSION = 3.0;
				TEST_HOST = "$(BUILT_PRODUCTS_DIR)/FOODme.app/FOODme";
			};
			name = Debug;
		};
		955738A21FC3E4F900330ADC /* Release */ = {
			isa = XCBuildConfiguration;
			buildSettings = {
				ALWAYS_EMBED_SWIFT_STANDARD_LIBRARIES = YES;
				BUNDLE_LOADER = "$(TEST_HOST)";
				DEVELOPMENT_TEAM = SF5MC74SH2;
				INFOPLIST_FILE = FOODmeTests/Info.plist;
				LD_RUNPATH_SEARCH_PATHS = "$(inherited) @executable_path/Frameworks @loader_path/Frameworks";
				PRODUCT_BUNDLE_IDENTIFIER = com.codingdojo.FOODmeTests;
				PRODUCT_NAME = "$(TARGET_NAME)";
				SWIFT_VERSION = 3.0;
				TEST_HOST = "$(BUILT_PRODUCTS_DIR)/FOODme.app/FOODme";
			};
			name = Release;
		};
		955738A41FC3E4F900330ADC /* Debug */ = {
			isa = XCBuildConfiguration;
			buildSettings = {
				ALWAYS_EMBED_SWIFT_STANDARD_LIBRARIES = YES;
				DEVELOPMENT_TEAM = SF5MC74SH2;
				INFOPLIST_FILE = FOODmeUITests/Info.plist;
				LD_RUNPATH_SEARCH_PATHS = "$(inherited) @executable_path/Frameworks @loader_path/Frameworks";
				PRODUCT_BUNDLE_IDENTIFIER = com.codingdojo.FOODmeUITests;
				PRODUCT_NAME = "$(TARGET_NAME)";
				SWIFT_VERSION = 3.0;
				TEST_TARGET_NAME = FOODme;
			};
			name = Debug;
		};
		955738A51FC3E4F900330ADC /* Release */ = {
			isa = XCBuildConfiguration;
			buildSettings = {
				ALWAYS_EMBED_SWIFT_STANDARD_LIBRARIES = YES;
				DEVELOPMENT_TEAM = SF5MC74SH2;
				INFOPLIST_FILE = FOODmeUITests/Info.plist;
				LD_RUNPATH_SEARCH_PATHS = "$(inherited) @executable_path/Frameworks @loader_path/Frameworks";
				PRODUCT_BUNDLE_IDENTIFIER = com.codingdojo.FOODmeUITests;
				PRODUCT_NAME = "$(TARGET_NAME)";
				SWIFT_VERSION = 3.0;
				TEST_TARGET_NAME = FOODme;
			};
			name = Release;
		};
/* End XCBuildConfiguration section */

/* Begin XCConfigurationList section */
		9557386D1FC3E4F800330ADC /* Build configuration list for PBXProject "FOODme" */ = {
			isa = XCConfigurationList;
			buildConfigurations = (
				9557389B1FC3E4F900330ADC /* Debug */,
				9557389C1FC3E4F900330ADC /* Release */,
			);
			defaultConfigurationIsVisible = 0;
			defaultConfigurationName = Release;
		};
		9557389D1FC3E4F900330ADC /* Build configuration list for PBXNativeTarget "FOODme" */ = {
			isa = XCConfigurationList;
			buildConfigurations = (
				9557389E1FC3E4F900330ADC /* Debug */,
				9557389F1FC3E4F900330ADC /* Release */,
			);
			defaultConfigurationIsVisible = 0;
		};
		955738A01FC3E4F900330ADC /* Build configuration list for PBXNativeTarget "FOODmeTests" */ = {
			isa = XCConfigurationList;
			buildConfigurations = (
				955738A11FC3E4F900330ADC /* Debug */,
				955738A21FC3E4F900330ADC /* Release */,
			);
			defaultConfigurationIsVisible = 0;
		};
		955738A31FC3E4F900330ADC /* Build configuration list for PBXNativeTarget "FOODmeUITests" */ = {
			isa = XCConfigurationList;
			buildConfigurations = (
				955738A41FC3E4F900330ADC /* Debug */,
				955738A51FC3E4F900330ADC /* Release */,
			);
			defaultConfigurationIsVisible = 0;
		};
/* End XCConfigurationList section */

/* Begin XCVersionGroup section */
		9557387C1FC3E4F800330ADC /* FOODme.xcdatamodeld */ = {
			isa = XCVersionGroup;
			children = (
				9557387D1FC3E4F800330ADC /* FOODme.xcdatamodel */,
			);
			currentVersion = 9557387D1FC3E4F800330ADC /* FOODme.xcdatamodel */;
			path = FOODme.xcdatamodeld;
			sourceTree = "<group>";
			versionGroupType = wrapper.xcdatamodel;
		};
/* End XCVersionGroup section */
	};
	rootObject = 9557386A1FC3E4F800330ADC /* Project object */;
}
