// !$*UTF8*$!
{
	archiveVersion = 1;
	classes = {
	};
	objectVersion = 46;
	objects = {

/* Begin PBXBuildFile section */
		957504041FB2C5720040FEC7 /* AppDelegate.swift in Sources */ = {isa = PBXBuildFile; fileRef = 957504031FB2C5720040FEC7 /* AppDelegate.swift */; };
		957504061FB2C5720040FEC7 /* ViewController.swift in Sources */ = {isa = PBXBuildFile; fileRef = 957504051FB2C5720040FEC7 /* ViewController.swift */; };
		957504091FB2C5720040FEC7 /* Main.storyboard in Resources */ = {isa = PBXBuildFile; fileRef = 957504071FB2C5720040FEC7 /* Main.storyboard */; };
		9575040B1FB2C5720040FEC7 /* Assets.xcassets in Resources */ = {isa = PBXBuildFile; fileRef = 9575040A1FB2C5720040FEC7 /* Assets.xcassets */; };
		9575040E1FB2C5720040FEC7 /* LaunchScreen.storyboard in Resources */ = {isa = PBXBuildFile; fileRef = 9575040C1FB2C5720040FEC7 /* LaunchScreen.storyboard */; };
		957504191FB2C5720040FEC7 /* MadLibsTests.swift in Sources */ = {isa = PBXBuildFile; fileRef = 957504181FB2C5720040FEC7 /* MadLibsTests.swift */; };
		957504241FB2C5730040FEC7 /* MadLibsUITests.swift in Sources */ = {isa = PBXBuildFile; fileRef = 957504231FB2C5730040FEC7 /* MadLibsUITests.swift */; };
		957504321FB2D09C0040FEC7 /* madLibTableViewController.swift in Sources */ = {isa = PBXBuildFile; fileRef = 957504311FB2D09C0040FEC7 /* madLibTableViewController.swift */; };
/* End PBXBuildFile section */

/* Begin PBXContainerItemProxy section */
		957504151FB2C5720040FEC7 /* PBXContainerItemProxy */ = {
			isa = PBXContainerItemProxy;
			containerPortal = 957503F81FB2C5720040FEC7 /* Project object */;
			proxyType = 1;
			remoteGlobalIDString = 957503FF1FB2C5720040FEC7;
			remoteInfo = MadLibs;
		};
		957504201FB2C5730040FEC7 /* PBXContainerItemProxy */ = {
			isa = PBXContainerItemProxy;
			containerPortal = 957503F81FB2C5720040FEC7 /* Project object */;
			proxyType = 1;
			remoteGlobalIDString = 957503FF1FB2C5720040FEC7;
			remoteInfo = MadLibs;
		};
/* End PBXContainerItemProxy section */

/* Begin PBXFileReference section */
		957504001FB2C5720040FEC7 /* MadLibs.app */ = {isa = PBXFileReference; explicitFileType = wrapper.application; includeInIndex = 0; path = MadLibs.app; sourceTree = BUILT_PRODUCTS_DIR; };
		957504031FB2C5720040FEC7 /* AppDelegate.swift */ = {isa = PBXFileReference; lastKnownFileType = sourcecode.swift; path = AppDelegate.swift; sourceTree = "<group>"; };
		957504051FB2C5720040FEC7 /* ViewController.swift */ = {isa = PBXFileReference; lastKnownFileType = sourcecode.swift; path = ViewController.swift; sourceTree = "<group>"; };
		957504081FB2C5720040FEC7 /* Base */ = {isa = PBXFileReference; lastKnownFileType = file.storyboard; name = Base; path = Base.lproj/Main.storyboard; sourceTree = "<group>"; };
		9575040A1FB2C5720040FEC7 /* Assets.xcassets */ = {isa = PBXFileReference; lastKnownFileType = folder.assetcatalog; path = Assets.xcassets; sourceTree = "<group>"; };
		9575040D1FB2C5720040FEC7 /* Base */ = {isa = PBXFileReference; lastKnownFileType = file.storyboard; name = Base; path = Base.lproj/LaunchScreen.storyboard; sourceTree = "<group>"; };
		9575040F1FB2C5720040FEC7 /* Info.plist */ = {isa = PBXFileReference; lastKnownFileType = text.plist.xml; path = Info.plist; sourceTree = "<group>"; };
		957504141FB2C5720040FEC7 /* MadLibsTests.xctest */ = {isa = PBXFileReference; explicitFileType = wrapper.cfbundle; includeInIndex = 0; path = MadLibsTests.xctest; sourceTree = BUILT_PRODUCTS_DIR; };
		957504181FB2C5720040FEC7 /* MadLibsTests.swift */ = {isa = PBXFileReference; lastKnownFileType = sourcecode.swift; path = MadLibsTests.swift; sourceTree = "<group>"; };
		9575041A1FB2C5720040FEC7 /* Info.plist */ = {isa = PBXFileReference; lastKnownFileType = text.plist.xml; path = Info.plist; sourceTree = "<group>"; };
		9575041F1FB2C5730040FEC7 /* MadLibsUITests.xctest */ = {isa = PBXFileReference; explicitFileType = wrapper.cfbundle; includeInIndex = 0; path = MadLibsUITests.xctest; sourceTree = BUILT_PRODUCTS_DIR; };
		957504231FB2C5730040FEC7 /* MadLibsUITests.swift */ = {isa = PBXFileReference; lastKnownFileType = sourcecode.swift; path = MadLibsUITests.swift; sourceTree = "<group>"; };
		957504251FB2C5730040FEC7 /* Info.plist */ = {isa = PBXFileReference; lastKnownFileType = text.plist.xml; path = Info.plist; sourceTree = "<group>"; };
		957504311FB2D09C0040FEC7 /* madLibTableViewController.swift */ = {isa = PBXFileReference; fileEncoding = 4; lastKnownFileType = sourcecode.swift; path = madLibTableViewController.swift; sourceTree = "<group>"; };
/* End PBXFileReference section */

/* Begin PBXFrameworksBuildPhase section */
		957503FD1FB2C5720040FEC7 /* Frameworks */ = {
			isa = PBXFrameworksBuildPhase;
			buildActionMask = 2147483647;
			files = (
			);
			runOnlyForDeploymentPostprocessing = 0;
		};
		957504111FB2C5720040FEC7 /* Frameworks */ = {
			isa = PBXFrameworksBuildPhase;
			buildActionMask = 2147483647;
			files = (
			);
			runOnlyForDeploymentPostprocessing = 0;
		};
		9575041C1FB2C5730040FEC7 /* Frameworks */ = {
			isa = PBXFrameworksBuildPhase;
			buildActionMask = 2147483647;
			files = (
			);
			runOnlyForDeploymentPostprocessing = 0;
		};
/* End PBXFrameworksBuildPhase section */

/* Begin PBXGroup section */
		957503F71FB2C5720040FEC7 = {
			isa = PBXGroup;
			children = (
				957504021FB2C5720040FEC7 /* MadLibs */,
				957504171FB2C5720040FEC7 /* MadLibsTests */,
				957504221FB2C5730040FEC7 /* MadLibsUITests */,
				957504011FB2C5720040FEC7 /* Products */,
			);
			sourceTree = "<group>";
		};
		957504011FB2C5720040FEC7 /* Products */ = {
			isa = PBXGroup;
			children = (
				957504001FB2C5720040FEC7 /* MadLibs.app */,
				957504141FB2C5720040FEC7 /* MadLibsTests.xctest */,
				9575041F1FB2C5730040FEC7 /* MadLibsUITests.xctest */,
			);
			name = Products;
			sourceTree = "<group>";
		};
		957504021FB2C5720040FEC7 /* MadLibs */ = {
			isa = PBXGroup;
			children = (
				957504031FB2C5720040FEC7 /* AppDelegate.swift */,
				957504051FB2C5720040FEC7 /* ViewController.swift */,
				957504071FB2C5720040FEC7 /* Main.storyboard */,
				957504311FB2D09C0040FEC7 /* madLibTableViewController.swift */,
				9575040A1FB2C5720040FEC7 /* Assets.xcassets */,
				9575040C1FB2C5720040FEC7 /* LaunchScreen.storyboard */,
				9575040F1FB2C5720040FEC7 /* Info.plist */,
			);
			path = MadLibs;
			sourceTree = "<group>";
		};
		957504171FB2C5720040FEC7 /* MadLibsTests */ = {
			isa = PBXGroup;
			children = (
				957504181FB2C5720040FEC7 /* MadLibsTests.swift */,
				9575041A1FB2C5720040FEC7 /* Info.plist */,
			);
			path = MadLibsTests;
			sourceTree = "<group>";
		};
		957504221FB2C5730040FEC7 /* MadLibsUITests */ = {
			isa = PBXGroup;
			children = (
				957504231FB2C5730040FEC7 /* MadLibsUITests.swift */,
				957504251FB2C5730040FEC7 /* Info.plist */,
			);
			path = MadLibsUITests;
			sourceTree = "<group>";
		};
/* End PBXGroup section */

/* Begin PBXNativeTarget section */
		957503FF1FB2C5720040FEC7 /* MadLibs */ = {
			isa = PBXNativeTarget;
			buildConfigurationList = 957504281FB2C5730040FEC7 /* Build configuration list for PBXNativeTarget "MadLibs" */;
			buildPhases = (
				957503FC1FB2C5720040FEC7 /* Sources */,
				957503FD1FB2C5720040FEC7 /* Frameworks */,
				957503FE1FB2C5720040FEC7 /* Resources */,
			);
			buildRules = (
			);
			dependencies = (
			);
			name = MadLibs;
			productName = MadLibs;
			productReference = 957504001FB2C5720040FEC7 /* MadLibs.app */;
			productType = "com.apple.product-type.application";
		};
		957504131FB2C5720040FEC7 /* MadLibsTests */ = {
			isa = PBXNativeTarget;
			buildConfigurationList = 9575042B1FB2C5730040FEC7 /* Build configuration list for PBXNativeTarget "MadLibsTests" */;
			buildPhases = (
				957504101FB2C5720040FEC7 /* Sources */,
				957504111FB2C5720040FEC7 /* Frameworks */,
				957504121FB2C5720040FEC7 /* Resources */,
			);
			buildRules = (
			);
			dependencies = (
				957504161FB2C5720040FEC7 /* PBXTargetDependency */,
			);
			name = MadLibsTests;
			productName = MadLibsTests;
			productReference = 957504141FB2C5720040FEC7 /* MadLibsTests.xctest */;
			productType = "com.apple.product-type.bundle.unit-test";
		};
		9575041E1FB2C5730040FEC7 /* MadLibsUITests */ = {
			isa = PBXNativeTarget;
			buildConfigurationList = 9575042E1FB2C5730040FEC7 /* Build configuration list for PBXNativeTarget "MadLibsUITests" */;
			buildPhases = (
				9575041B1FB2C5730040FEC7 /* Sources */,
				9575041C1FB2C5730040FEC7 /* Frameworks */,
				9575041D1FB2C5730040FEC7 /* Resources */,
			);
			buildRules = (
			);
			dependencies = (
				957504211FB2C5730040FEC7 /* PBXTargetDependency */,
			);
			name = MadLibsUITests;
			productName = MadLibsUITests;
			productReference = 9575041F1FB2C5730040FEC7 /* MadLibsUITests.xctest */;
			productType = "com.apple.product-type.bundle.ui-testing";
		};
/* End PBXNativeTarget section */

/* Begin PBXProject section */
		957503F81FB2C5720040FEC7 /* Project object */ = {
			isa = PBXProject;
			attributes = {
				LastSwiftUpdateCheck = 0830;
				LastUpgradeCheck = 0830;
				ORGANIZATIONNAME = "M a t t h e w";
				TargetAttributes = {
					957503FF1FB2C5720040FEC7 = {
						CreatedOnToolsVersion = 8.3.3;
						DevelopmentTeam = SF5MC74SH2;
						ProvisioningStyle = Automatic;
					};
					957504131FB2C5720040FEC7 = {
						CreatedOnToolsVersion = 8.3.3;
						DevelopmentTeam = SF5MC74SH2;
						ProvisioningStyle = Automatic;
						TestTargetID = 957503FF1FB2C5720040FEC7;
					};
					9575041E1FB2C5730040FEC7 = {
						CreatedOnToolsVersion = 8.3.3;
						DevelopmentTeam = SF5MC74SH2;
						ProvisioningStyle = Automatic;
						TestTargetID = 957503FF1FB2C5720040FEC7;
					};
				};
			};
			buildConfigurationList = 957503FB1FB2C5720040FEC7 /* Build configuration list for PBXProject "MadLibs" */;
			compatibilityVersion = "Xcode 3.2";
			developmentRegion = English;
			hasScannedForEncodings = 0;
			knownRegions = (
				en,
				Base,
			);
			mainGroup = 957503F71FB2C5720040FEC7;
			productRefGroup = 957504011FB2C5720040FEC7 /* Products */;
			projectDirPath = "";
			projectRoot = "";
			targets = (
				957503FF1FB2C5720040FEC7 /* MadLibs */,
				957504131FB2C5720040FEC7 /* MadLibsTests */,
				9575041E1FB2C5730040FEC7 /* MadLibsUITests */,
			);
		};
/* End PBXProject section */

/* Begin PBXResourcesBuildPhase section */
		957503FE1FB2C5720040FEC7 /* Resources */ = {
			isa = PBXResourcesBuildPhase;
			buildActionMask = 2147483647;
			files = (
				9575040E1FB2C5720040FEC7 /* LaunchScreen.storyboard in Resources */,
				9575040B1FB2C5720040FEC7 /* Assets.xcassets in Resources */,
				957504091FB2C5720040FEC7 /* Main.storyboard in Resources */,
			);
			runOnlyForDeploymentPostprocessing = 0;
		};
		957504121FB2C5720040FEC7 /* Resources */ = {
			isa = PBXResourcesBuildPhase;
			buildActionMask = 2147483647;
			files = (
			);
			runOnlyForDeploymentPostprocessing = 0;
		};
		9575041D1FB2C5730040FEC7 /* Resources */ = {
			isa = PBXResourcesBuildPhase;
			buildActionMask = 2147483647;
			files = (
			);
			runOnlyForDeploymentPostprocessing = 0;
		};
/* End PBXResourcesBuildPhase section */

/* Begin PBXSourcesBuildPhase section */
		957503FC1FB2C5720040FEC7 /* Sources */ = {
			isa = PBXSourcesBuildPhase;
			buildActionMask = 2147483647;
			files = (
				957504061FB2C5720040FEC7 /* ViewController.swift in Sources */,
				957504321FB2D09C0040FEC7 /* madLibTableViewController.swift in Sources */,
				957504041FB2C5720040FEC7 /* AppDelegate.swift in Sources */,
			);
			runOnlyForDeploymentPostprocessing = 0;
		};
		957504101FB2C5720040FEC7 /* Sources */ = {
			isa = PBXSourcesBuildPhase;
			buildActionMask = 2147483647;
			files = (
				957504191FB2C5720040FEC7 /* MadLibsTests.swift in Sources */,
			);
			runOnlyForDeploymentPostprocessing = 0;
		};
		9575041B1FB2C5730040FEC7 /* Sources */ = {
			isa = PBXSourcesBuildPhase;
			buildActionMask = 2147483647;
			files = (
				957504241FB2C5730040FEC7 /* MadLibsUITests.swift in Sources */,
			);
			runOnlyForDeploymentPostprocessing = 0;
		};
/* End PBXSourcesBuildPhase section */

/* Begin PBXTargetDependency section */
		957504161FB2C5720040FEC7 /* PBXTargetDependency */ = {
			isa = PBXTargetDependency;
			target = 957503FF1FB2C5720040FEC7 /* MadLibs */;
			targetProxy = 957504151FB2C5720040FEC7 /* PBXContainerItemProxy */;
		};
		957504211FB2C5730040FEC7 /* PBXTargetDependency */ = {
			isa = PBXTargetDependency;
			target = 957503FF1FB2C5720040FEC7 /* MadLibs */;
			targetProxy = 957504201FB2C5730040FEC7 /* PBXContainerItemProxy */;
		};
/* End PBXTargetDependency section */

/* Begin PBXVariantGroup section */
		957504071FB2C5720040FEC7 /* Main.storyboard */ = {
			isa = PBXVariantGroup;
			children = (
				957504081FB2C5720040FEC7 /* Base */,
			);
			name = Main.storyboard;
			sourceTree = "<group>";
		};
		9575040C1FB2C5720040FEC7 /* LaunchScreen.storyboard */ = {
			isa = PBXVariantGroup;
			children = (
				9575040D1FB2C5720040FEC7 /* Base */,
			);
			name = LaunchScreen.storyboard;
			sourceTree = "<group>";
		};
/* End PBXVariantGroup section */

/* Begin XCBuildConfiguration section */
		957504261FB2C5730040FEC7 /* Debug */ = {
			isa = XCBuildConfiguration;
			buildSettings = {
				ALWAYS_SEARCH_USER_PATHS = NO;
				CLANG_ANALYZER_NONNULL = YES;
				CLANG_ANALYZER_NUMBER_OBJECT_CONVERSION = YES_AGGRESSIVE;
				CLANG_CXX_LANGUAGE_STANDARD = "gnu++0x";
				CLANG_CXX_LIBRARY = "libc++";
				CLANG_ENABLE_MODULES = YES;
				CLANG_ENABLE_OBJC_ARC = YES;
				CLANG_WARN_BOOL_CONVERSION = YES;
				CLANG_WARN_CONSTANT_CONVERSION = YES;
				CLANG_WARN_DIRECT_OBJC_ISA_USAGE = YES_ERROR;
				CLANG_WARN_DOCUMENTATION_COMMENTS = YES;
				CLANG_WARN_EMPTY_BODY = YES;
				CLANG_WARN_ENUM_CONVERSION = YES;
				CLANG_WARN_INFINITE_RECURSION = YES;
				CLANG_WARN_INT_CONVERSION = YES;
				CLANG_WARN_OBJC_ROOT_CLASS = YES_ERROR;
				CLANG_WARN_SUSPICIOUS_MOVE = YES;
				CLANG_WARN_UNREACHABLE_CODE = YES;
				CLANG_WARN__DUPLICATE_METHOD_MATCH = YES;
				"CODE_SIGN_IDENTITY[sdk=iphoneos*]" = "iPhone Developer";
				COPY_PHASE_STRIP = NO;
				DEBUG_INFORMATION_FORMAT = dwarf;
				ENABLE_STRICT_OBJC_MSGSEND = YES;
				ENABLE_TESTABILITY = YES;
				GCC_C_LANGUAGE_STANDARD = gnu99;
				GCC_DYNAMIC_NO_PIC = NO;
				GCC_NO_COMMON_BLOCKS = YES;
				GCC_OPTIMIZATION_LEVEL = 0;
				GCC_PREPROCESSOR_DEFINITIONS = (
					"DEBUG=1",
					"$(inherited)",
				);
				GCC_WARN_64_TO_32_BIT_CONVERSION = YES;
				GCC_WARN_ABOUT_RETURN_TYPE = YES_ERROR;
				GCC_WARN_UNDECLARED_SELECTOR = YES;
				GCC_WARN_UNINITIALIZED_AUTOS = YES_AGGRESSIVE;
				GCC_WARN_UNUSED_FUNCTION = YES;
				GCC_WARN_UNUSED_VARIABLE = YES;
				IPHONEOS_DEPLOYMENT_TARGET = 10.3;
				MTL_ENABLE_DEBUG_INFO = YES;
				ONLY_ACTIVE_ARCH = YES;
				SDKROOT = iphoneos;
				SWIFT_ACTIVE_COMPILATION_CONDITIONS = DEBUG;
				SWIFT_OPTIMIZATION_LEVEL = "-Onone";
				TARGETED_DEVICE_FAMILY = "1,2";
			};
			name = Debug;
		};
		957504271FB2C5730040FEC7 /* Release */ = {
			isa = XCBuildConfiguration;
			buildSettings = {
				ALWAYS_SEARCH_USER_PATHS = NO;
				CLANG_ANALYZER_NONNULL = YES;
				CLANG_ANALYZER_NUMBER_OBJECT_CONVERSION = YES_AGGRESSIVE;
				CLANG_CXX_LANGUAGE_STANDARD = "gnu++0x";
				CLANG_CXX_LIBRARY = "libc++";
				CLANG_ENABLE_MODULES = YES;
				CLANG_ENABLE_OBJC_ARC = YES;
				CLANG_WARN_BOOL_CONVERSION = YES;
				CLANG_WARN_CONSTANT_CONVERSION = YES;
				CLANG_WARN_DIRECT_OBJC_ISA_USAGE = YES_ERROR;
				CLANG_WARN_DOCUMENTATION_COMMENTS = YES;
				CLANG_WARN_EMPTY_BODY = YES;
				CLANG_WARN_ENUM_CONVERSION = YES;
				CLANG_WARN_INFINITE_RECURSION = YES;
				CLANG_WARN_INT_CONVERSION = YES;
				CLANG_WARN_OBJC_ROOT_CLASS = YES_ERROR;
				CLANG_WARN_SUSPICIOUS_MOVE = YES;
				CLANG_WARN_UNREACHABLE_CODE = YES;
				CLANG_WARN__DUPLICATE_METHOD_MATCH = YES;
				"CODE_SIGN_IDENTITY[sdk=iphoneos*]" = "iPhone Developer";
				COPY_PHASE_STRIP = NO;
				DEBUG_INFORMATION_FORMAT = "dwarf-with-dsym";
				ENABLE_NS_ASSERTIONS = NO;
				ENABLE_STRICT_OBJC_MSGSEND = YES;
				GCC_C_LANGUAGE_STANDARD = gnu99;
				GCC_NO_COMMON_BLOCKS = YES;
				GCC_WARN_64_TO_32_BIT_CONVERSION = YES;
				GCC_WARN_ABOUT_RETURN_TYPE = YES_ERROR;
				GCC_WARN_UNDECLARED_SELECTOR = YES;
				GCC_WARN_UNINITIALIZED_AUTOS = YES_AGGRESSIVE;
				GCC_WARN_UNUSED_FUNCTION = YES;
				GCC_WARN_UNUSED_VARIABLE = YES;
				IPHONEOS_DEPLOYMENT_TARGET = 10.3;
				MTL_ENABLE_DEBUG_INFO = NO;
				SDKROOT = iphoneos;
				SWIFT_OPTIMIZATION_LEVEL = "-Owholemodule";
				TARGETED_DEVICE_FAMILY = "1,2";
				VALIDATE_PRODUCT = YES;
			};
			name = Release;
		};
		957504291FB2C5730040FEC7 /* Debug */ = {
			isa = XCBuildConfiguration;
			buildSettings = {
				ASSETCATALOG_COMPILER_APPICON_NAME = AppIcon;
				DEVELOPMENT_TEAM = SF5MC74SH2;
				INFOPLIST_FILE = MadLibs/Info.plist;
				LD_RUNPATH_SEARCH_PATHS = "$(inherited) @executable_path/Frameworks";
				PRODUCT_BUNDLE_IDENTIFIER = com.codingdojo.Direction;
				PRODUCT_NAME = "$(TARGET_NAME)";
				SWIFT_VERSION = 3.0;
			};
			name = Debug;
		};
		9575042A1FB2C5730040FEC7 /* Release */ = {
			isa = XCBuildConfiguration;
			buildSettings = {
				ASSETCATALOG_COMPILER_APPICON_NAME = AppIcon;
				DEVELOPMENT_TEAM = SF5MC74SH2;
				INFOPLIST_FILE = MadLibs/Info.plist;
				LD_RUNPATH_SEARCH_PATHS = "$(inherited) @executable_path/Frameworks";
				PRODUCT_BUNDLE_IDENTIFIER = com.codingdojo.Direction;
				PRODUCT_NAME = "$(TARGET_NAME)";
				SWIFT_VERSION = 3.0;
			};
			name = Release;
		};
		9575042C1FB2C5730040FEC7 /* Debug */ = {
			isa = XCBuildConfiguration;
			buildSettings = {
				ALWAYS_EMBED_SWIFT_STANDARD_LIBRARIES = YES;
				BUNDLE_LOADER = "$(TEST_HOST)";
				DEVELOPMENT_TEAM = SF5MC74SH2;
				INFOPLIST_FILE = MadLibsTests/Info.plist;
				LD_RUNPATH_SEARCH_PATHS = "$(inherited) @executable_path/Frameworks @loader_path/Frameworks";
				PRODUCT_BUNDLE_IDENTIFIER = com.codingdojo.MadLibsTests;
				PRODUCT_NAME = "$(TARGET_NAME)";
				SWIFT_VERSION = 3.0;
				TEST_HOST = "$(BUILT_PRODUCTS_DIR)/MadLibs.app/MadLibs";
			};
			name = Debug;
		};
		9575042D1FB2C5730040FEC7 /* Release */ = {
			isa = XCBuildConfiguration;
			buildSettings = {
				ALWAYS_EMBED_SWIFT_STANDARD_LIBRARIES = YES;
				BUNDLE_LOADER = "$(TEST_HOST)";
				DEVELOPMENT_TEAM = SF5MC74SH2;
				INFOPLIST_FILE = MadLibsTests/Info.plist;
				LD_RUNPATH_SEARCH_PATHS = "$(inherited) @executable_path/Frameworks @loader_path/Frameworks";
				PRODUCT_BUNDLE_IDENTIFIER = com.codingdojo.MadLibsTests;
				PRODUCT_NAME = "$(TARGET_NAME)";
				SWIFT_VERSION = 3.0;
				TEST_HOST = "$(BUILT_PRODUCTS_DIR)/MadLibs.app/MadLibs";
			};
			name = Release;
		};
		9575042F1FB2C5730040FEC7 /* Debug */ = {
			isa = XCBuildConfiguration;
			buildSettings = {
				ALWAYS_EMBED_SWIFT_STANDARD_LIBRARIES = YES;
				DEVELOPMENT_TEAM = SF5MC74SH2;
				INFOPLIST_FILE = MadLibsUITests/Info.plist;
				LD_RUNPATH_SEARCH_PATHS = "$(inherited) @executable_path/Frameworks @loader_path/Frameworks";
				PRODUCT_BUNDLE_IDENTIFIER = com.codingdojo.MadLibsUITests;
				PRODUCT_NAME = "$(TARGET_NAME)";
				SWIFT_VERSION = 3.0;
				TEST_TARGET_NAME = MadLibs;
			};
			name = Debug;
		};
		957504301FB2C5730040FEC7 /* Release */ = {
			isa = XCBuildConfiguration;
			buildSettings = {
				ALWAYS_EMBED_SWIFT_STANDARD_LIBRARIES = YES;
				DEVELOPMENT_TEAM = SF5MC74SH2;
				INFOPLIST_FILE = MadLibsUITests/Info.plist;
				LD_RUNPATH_SEARCH_PATHS = "$(inherited) @executable_path/Frameworks @loader_path/Frameworks";
				PRODUCT_BUNDLE_IDENTIFIER = com.codingdojo.MadLibsUITests;
				PRODUCT_NAME = "$(TARGET_NAME)";
				SWIFT_VERSION = 3.0;
				TEST_TARGET_NAME = MadLibs;
			};
			name = Release;
		};
/* End XCBuildConfiguration section */

/* Begin XCConfigurationList section */
		957503FB1FB2C5720040FEC7 /* Build configuration list for PBXProject "MadLibs" */ = {
			isa = XCConfigurationList;
			buildConfigurations = (
				957504261FB2C5730040FEC7 /* Debug */,
				957504271FB2C5730040FEC7 /* Release */,
			);
			defaultConfigurationIsVisible = 0;
			defaultConfigurationName = Release;
		};
		957504281FB2C5730040FEC7 /* Build configuration list for PBXNativeTarget "MadLibs" */ = {
			isa = XCConfigurationList;
			buildConfigurations = (
				957504291FB2C5730040FEC7 /* Debug */,
				9575042A1FB2C5730040FEC7 /* Release */,
			);
			defaultConfigurationIsVisible = 0;
		};
		9575042B1FB2C5730040FEC7 /* Build configuration list for PBXNativeTarget "MadLibsTests" */ = {
			isa = XCConfigurationList;
			buildConfigurations = (
				9575042C1FB2C5730040FEC7 /* Debug */,
				9575042D1FB2C5730040FEC7 /* Release */,
			);
			defaultConfigurationIsVisible = 0;
		};
		9575042E1FB2C5730040FEC7 /* Build configuration list for PBXNativeTarget "MadLibsUITests" */ = {
			isa = XCConfigurationList;
			buildConfigurations = (
				9575042F1FB2C5730040FEC7 /* Debug */,
				957504301FB2C5730040FEC7 /* Release */,
			);
			defaultConfigurationIsVisible = 0;
		};
/* End XCConfigurationList section */
	};
	rootObject = 957503F81FB2C5720040FEC7 /* Project object */;
}
