// !$*UTF8*$!
{
	archiveVersion = 1;
	classes = {
	};
	objectVersion = 46;
	objects = {

/* Begin PBXBuildFile section */
		954F2A4E1FB3A0D300BB975F /* AppDelegate.swift in Sources */ = {isa = PBXBuildFile; fileRef = 954F2A4D1FB3A0D300BB975F /* AppDelegate.swift */; };
		954F2A501FB3A0D300BB975F /* ViewController.swift in Sources */ = {isa = PBXBuildFile; fileRef = 954F2A4F1FB3A0D300BB975F /* ViewController.swift */; };
		954F2A531FB3A0D300BB975F /* Main.storyboard in Resources */ = {isa = PBXBuildFile; fileRef = 954F2A511FB3A0D300BB975F /* Main.storyboard */; };
		954F2A551FB3A0D300BB975F /* Assets.xcassets in Resources */ = {isa = PBXBuildFile; fileRef = 954F2A541FB3A0D300BB975F /* Assets.xcassets */; };
		954F2A581FB3A0D300BB975F /* LaunchScreen.storyboard in Resources */ = {isa = PBXBuildFile; fileRef = 954F2A561FB3A0D300BB975F /* LaunchScreen.storyboard */; };
		954F2A631FB3A0D400BB975F /* findCoordsTests.swift in Sources */ = {isa = PBXBuildFile; fileRef = 954F2A621FB3A0D400BB975F /* findCoordsTests.swift */; };
		954F2A6E1FB3A0D400BB975F /* findCoordsUITests.swift in Sources */ = {isa = PBXBuildFile; fileRef = 954F2A6D1FB3A0D400BB975F /* findCoordsUITests.swift */; };
/* End PBXBuildFile section */

/* Begin PBXContainerItemProxy section */
		954F2A5F1FB3A0D400BB975F /* PBXContainerItemProxy */ = {
			isa = PBXContainerItemProxy;
			containerPortal = 954F2A421FB3A0D300BB975F /* Project object */;
			proxyType = 1;
			remoteGlobalIDString = 954F2A491FB3A0D300BB975F;
			remoteInfo = findCoords;
		};
		954F2A6A1FB3A0D400BB975F /* PBXContainerItemProxy */ = {
			isa = PBXContainerItemProxy;
			containerPortal = 954F2A421FB3A0D300BB975F /* Project object */;
			proxyType = 1;
			remoteGlobalIDString = 954F2A491FB3A0D300BB975F;
			remoteInfo = findCoords;
		};
/* End PBXContainerItemProxy section */

/* Begin PBXFileReference section */
		954F2A4A1FB3A0D300BB975F /* findCoords.app */ = {isa = PBXFileReference; explicitFileType = wrapper.application; includeInIndex = 0; path = findCoords.app; sourceTree = BUILT_PRODUCTS_DIR; };
		954F2A4D1FB3A0D300BB975F /* AppDelegate.swift */ = {isa = PBXFileReference; lastKnownFileType = sourcecode.swift; path = AppDelegate.swift; sourceTree = "<group>"; };
		954F2A4F1FB3A0D300BB975F /* ViewController.swift */ = {isa = PBXFileReference; lastKnownFileType = sourcecode.swift; path = ViewController.swift; sourceTree = "<group>"; };
		954F2A521FB3A0D300BB975F /* Base */ = {isa = PBXFileReference; lastKnownFileType = file.storyboard; name = Base; path = Base.lproj/Main.storyboard; sourceTree = "<group>"; };
		954F2A541FB3A0D300BB975F /* Assets.xcassets */ = {isa = PBXFileReference; lastKnownFileType = folder.assetcatalog; path = Assets.xcassets; sourceTree = "<group>"; };
		954F2A571FB3A0D300BB975F /* Base */ = {isa = PBXFileReference; lastKnownFileType = file.storyboard; name = Base; path = Base.lproj/LaunchScreen.storyboard; sourceTree = "<group>"; };
		954F2A591FB3A0D300BB975F /* Info.plist */ = {isa = PBXFileReference; lastKnownFileType = text.plist.xml; path = Info.plist; sourceTree = "<group>"; };
		954F2A5E1FB3A0D400BB975F /* findCoordsTests.xctest */ = {isa = PBXFileReference; explicitFileType = wrapper.cfbundle; includeInIndex = 0; path = findCoordsTests.xctest; sourceTree = BUILT_PRODUCTS_DIR; };
		954F2A621FB3A0D400BB975F /* findCoordsTests.swift */ = {isa = PBXFileReference; lastKnownFileType = sourcecode.swift; path = findCoordsTests.swift; sourceTree = "<group>"; };
		954F2A641FB3A0D400BB975F /* Info.plist */ = {isa = PBXFileReference; lastKnownFileType = text.plist.xml; path = Info.plist; sourceTree = "<group>"; };
		954F2A691FB3A0D400BB975F /* findCoordsUITests.xctest */ = {isa = PBXFileReference; explicitFileType = wrapper.cfbundle; includeInIndex = 0; path = findCoordsUITests.xctest; sourceTree = BUILT_PRODUCTS_DIR; };
		954F2A6D1FB3A0D400BB975F /* findCoordsUITests.swift */ = {isa = PBXFileReference; lastKnownFileType = sourcecode.swift; path = findCoordsUITests.swift; sourceTree = "<group>"; };
		954F2A6F1FB3A0D400BB975F /* Info.plist */ = {isa = PBXFileReference; lastKnownFileType = text.plist.xml; path = Info.plist; sourceTree = "<group>"; };
/* End PBXFileReference section */

/* Begin PBXFrameworksBuildPhase section */
		954F2A471FB3A0D300BB975F /* Frameworks */ = {
			isa = PBXFrameworksBuildPhase;
			buildActionMask = 2147483647;
			files = (
			);
			runOnlyForDeploymentPostprocessing = 0;
		};
		954F2A5B1FB3A0D400BB975F /* Frameworks */ = {
			isa = PBXFrameworksBuildPhase;
			buildActionMask = 2147483647;
			files = (
			);
			runOnlyForDeploymentPostprocessing = 0;
		};
		954F2A661FB3A0D400BB975F /* Frameworks */ = {
			isa = PBXFrameworksBuildPhase;
			buildActionMask = 2147483647;
			files = (
			);
			runOnlyForDeploymentPostprocessing = 0;
		};
/* End PBXFrameworksBuildPhase section */

/* Begin PBXGroup section */
		954F2A411FB3A0D300BB975F = {
			isa = PBXGroup;
			children = (
				954F2A4C1FB3A0D300BB975F /* findCoords */,
				954F2A611FB3A0D400BB975F /* findCoordsTests */,
				954F2A6C1FB3A0D400BB975F /* findCoordsUITests */,
				954F2A4B1FB3A0D300BB975F /* Products */,
			);
			sourceTree = "<group>";
		};
		954F2A4B1FB3A0D300BB975F /* Products */ = {
			isa = PBXGroup;
			children = (
				954F2A4A1FB3A0D300BB975F /* findCoords.app */,
				954F2A5E1FB3A0D400BB975F /* findCoordsTests.xctest */,
				954F2A691FB3A0D400BB975F /* findCoordsUITests.xctest */,
			);
			name = Products;
			sourceTree = "<group>";
		};
		954F2A4C1FB3A0D300BB975F /* findCoords */ = {
			isa = PBXGroup;
			children = (
				954F2A4D1FB3A0D300BB975F /* AppDelegate.swift */,
				954F2A4F1FB3A0D300BB975F /* ViewController.swift */,
				954F2A511FB3A0D300BB975F /* Main.storyboard */,
				954F2A541FB3A0D300BB975F /* Assets.xcassets */,
				954F2A561FB3A0D300BB975F /* LaunchScreen.storyboard */,
				954F2A591FB3A0D300BB975F /* Info.plist */,
			);
			path = findCoords;
			sourceTree = "<group>";
		};
		954F2A611FB3A0D400BB975F /* findCoordsTests */ = {
			isa = PBXGroup;
			children = (
				954F2A621FB3A0D400BB975F /* findCoordsTests.swift */,
				954F2A641FB3A0D400BB975F /* Info.plist */,
			);
			path = findCoordsTests;
			sourceTree = "<group>";
		};
		954F2A6C1FB3A0D400BB975F /* findCoordsUITests */ = {
			isa = PBXGroup;
			children = (
				954F2A6D1FB3A0D400BB975F /* findCoordsUITests.swift */,
				954F2A6F1FB3A0D400BB975F /* Info.plist */,
			);
			path = findCoordsUITests;
			sourceTree = "<group>";
		};
/* End PBXGroup section */

/* Begin PBXNativeTarget section */
		954F2A491FB3A0D300BB975F /* findCoords */ = {
			isa = PBXNativeTarget;
			buildConfigurationList = 954F2A721FB3A0D400BB975F /* Build configuration list for PBXNativeTarget "findCoords" */;
			buildPhases = (
				954F2A461FB3A0D300BB975F /* Sources */,
				954F2A471FB3A0D300BB975F /* Frameworks */,
				954F2A481FB3A0D300BB975F /* Resources */,
			);
			buildRules = (
			);
			dependencies = (
			);
			name = findCoords;
			productName = findCoords;
			productReference = 954F2A4A1FB3A0D300BB975F /* findCoords.app */;
			productType = "com.apple.product-type.application";
		};
		954F2A5D1FB3A0D400BB975F /* findCoordsTests */ = {
			isa = PBXNativeTarget;
			buildConfigurationList = 954F2A751FB3A0D400BB975F /* Build configuration list for PBXNativeTarget "findCoordsTests" */;
			buildPhases = (
				954F2A5A1FB3A0D400BB975F /* Sources */,
				954F2A5B1FB3A0D400BB975F /* Frameworks */,
				954F2A5C1FB3A0D400BB975F /* Resources */,
			);
			buildRules = (
			);
			dependencies = (
				954F2A601FB3A0D400BB975F /* PBXTargetDependency */,
			);
			name = findCoordsTests;
			productName = findCoordsTests;
			productReference = 954F2A5E1FB3A0D400BB975F /* findCoordsTests.xctest */;
			productType = "com.apple.product-type.bundle.unit-test";
		};
		954F2A681FB3A0D400BB975F /* findCoordsUITests */ = {
			isa = PBXNativeTarget;
			buildConfigurationList = 954F2A781FB3A0D400BB975F /* Build configuration list for PBXNativeTarget "findCoordsUITests" */;
			buildPhases = (
				954F2A651FB3A0D400BB975F /* Sources */,
				954F2A661FB3A0D400BB975F /* Frameworks */,
				954F2A671FB3A0D400BB975F /* Resources */,
			);
			buildRules = (
			);
			dependencies = (
				954F2A6B1FB3A0D400BB975F /* PBXTargetDependency */,
			);
			name = findCoordsUITests;
			productName = findCoordsUITests;
			productReference = 954F2A691FB3A0D400BB975F /* findCoordsUITests.xctest */;
			productType = "com.apple.product-type.bundle.ui-testing";
		};
/* End PBXNativeTarget section */

/* Begin PBXProject section */
		954F2A421FB3A0D300BB975F /* Project object */ = {
			isa = PBXProject;
			attributes = {
				LastSwiftUpdateCheck = 0830;
				LastUpgradeCheck = 0830;
				ORGANIZATIONNAME = "M a t t h e w";
				TargetAttributes = {
					954F2A491FB3A0D300BB975F = {
						CreatedOnToolsVersion = 8.3.3;
						DevelopmentTeam = SF5MC74SH2;
						ProvisioningStyle = Automatic;
					};
					954F2A5D1FB3A0D400BB975F = {
						CreatedOnToolsVersion = 8.3.3;
						DevelopmentTeam = SF5MC74SH2;
						ProvisioningStyle = Automatic;
						TestTargetID = 954F2A491FB3A0D300BB975F;
					};
					954F2A681FB3A0D400BB975F = {
						CreatedOnToolsVersion = 8.3.3;
						DevelopmentTeam = SF5MC74SH2;
						ProvisioningStyle = Automatic;
						TestTargetID = 954F2A491FB3A0D300BB975F;
					};
				};
			};
			buildConfigurationList = 954F2A451FB3A0D300BB975F /* Build configuration list for PBXProject "findCoords" */;
			compatibilityVersion = "Xcode 3.2";
			developmentRegion = English;
			hasScannedForEncodings = 0;
			knownRegions = (
				en,
				Base,
			);
			mainGroup = 954F2A411FB3A0D300BB975F;
			productRefGroup = 954F2A4B1FB3A0D300BB975F /* Products */;
			projectDirPath = "";
			projectRoot = "";
			targets = (
				954F2A491FB3A0D300BB975F /* findCoords */,
				954F2A5D1FB3A0D400BB975F /* findCoordsTests */,
				954F2A681FB3A0D400BB975F /* findCoordsUITests */,
			);
		};
/* End PBXProject section */

/* Begin PBXResourcesBuildPhase section */
		954F2A481FB3A0D300BB975F /* Resources */ = {
			isa = PBXResourcesBuildPhase;
			buildActionMask = 2147483647;
			files = (
				954F2A581FB3A0D300BB975F /* LaunchScreen.storyboard in Resources */,
				954F2A551FB3A0D300BB975F /* Assets.xcassets in Resources */,
				954F2A531FB3A0D300BB975F /* Main.storyboard in Resources */,
			);
			runOnlyForDeploymentPostprocessing = 0;
		};
		954F2A5C1FB3A0D400BB975F /* Resources */ = {
			isa = PBXResourcesBuildPhase;
			buildActionMask = 2147483647;
			files = (
			);
			runOnlyForDeploymentPostprocessing = 0;
		};
		954F2A671FB3A0D400BB975F /* Resources */ = {
			isa = PBXResourcesBuildPhase;
			buildActionMask = 2147483647;
			files = (
			);
			runOnlyForDeploymentPostprocessing = 0;
		};
/* End PBXResourcesBuildPhase section */

/* Begin PBXSourcesBuildPhase section */
		954F2A461FB3A0D300BB975F /* Sources */ = {
			isa = PBXSourcesBuildPhase;
			buildActionMask = 2147483647;
			files = (
				954F2A501FB3A0D300BB975F /* ViewController.swift in Sources */,
				954F2A4E1FB3A0D300BB975F /* AppDelegate.swift in Sources */,
			);
			runOnlyForDeploymentPostprocessing = 0;
		};
		954F2A5A1FB3A0D400BB975F /* Sources */ = {
			isa = PBXSourcesBuildPhase;
			buildActionMask = 2147483647;
			files = (
				954F2A631FB3A0D400BB975F /* findCoordsTests.swift in Sources */,
			);
			runOnlyForDeploymentPostprocessing = 0;
		};
		954F2A651FB3A0D400BB975F /* Sources */ = {
			isa = PBXSourcesBuildPhase;
			buildActionMask = 2147483647;
			files = (
				954F2A6E1FB3A0D400BB975F /* findCoordsUITests.swift in Sources */,
			);
			runOnlyForDeploymentPostprocessing = 0;
		};
/* End PBXSourcesBuildPhase section */

/* Begin PBXTargetDependency section */
		954F2A601FB3A0D400BB975F /* PBXTargetDependency */ = {
			isa = PBXTargetDependency;
			target = 954F2A491FB3A0D300BB975F /* findCoords */;
			targetProxy = 954F2A5F1FB3A0D400BB975F /* PBXContainerItemProxy */;
		};
		954F2A6B1FB3A0D400BB975F /* PBXTargetDependency */ = {
			isa = PBXTargetDependency;
			target = 954F2A491FB3A0D300BB975F /* findCoords */;
			targetProxy = 954F2A6A1FB3A0D400BB975F /* PBXContainerItemProxy */;
		};
/* End PBXTargetDependency section */

/* Begin PBXVariantGroup section */
		954F2A511FB3A0D300BB975F /* Main.storyboard */ = {
			isa = PBXVariantGroup;
			children = (
				954F2A521FB3A0D300BB975F /* Base */,
			);
			name = Main.storyboard;
			sourceTree = "<group>";
		};
		954F2A561FB3A0D300BB975F /* LaunchScreen.storyboard */ = {
			isa = PBXVariantGroup;
			children = (
				954F2A571FB3A0D300BB975F /* Base */,
			);
			name = LaunchScreen.storyboard;
			sourceTree = "<group>";
		};
/* End PBXVariantGroup section */

/* Begin XCBuildConfiguration section */
		954F2A701FB3A0D400BB975F /* Debug */ = {
			isa = XCBuildConfiguration;
			buildSettings = {
				ALWAYS_SEARCH_USER_PATHS = NO;
				CLANG_ANALYZER_NONNULL = YES;
				CLANG_ANALYZER_NUMBER_OBJECT_CONVERSION = YES_AGGRESSIVE;
				CLANG_CXX_LANGUAGE_STANDARD = "gnu++0x";
				CLANG_CXX_LIBRARY = "libc++";
				CLANG_ENABLE_MODULES = YES;
				CLANG_ENABLE_OBJC_ARC = YES;
				CLANG_WARN_BOOL_CONVERSION = YES;
				CLANG_WARN_CONSTANT_CONVERSION = YES;
				CLANG_WARN_DIRECT_OBJC_ISA_USAGE = YES_ERROR;
				CLANG_WARN_DOCUMENTATION_COMMENTS = YES;
				CLANG_WARN_EMPTY_BODY = YES;
				CLANG_WARN_ENUM_CONVERSION = YES;
				CLANG_WARN_INFINITE_RECURSION = YES;
				CLANG_WARN_INT_CONVERSION = YES;
				CLANG_WARN_OBJC_ROOT_CLASS = YES_ERROR;
				CLANG_WARN_SUSPICIOUS_MOVE = YES;
				CLANG_WARN_UNREACHABLE_CODE = YES;
				CLANG_WARN__DUPLICATE_METHOD_MATCH = YES;
				"CODE_SIGN_IDENTITY[sdk=iphoneos*]" = "iPhone Developer";
				COPY_PHASE_STRIP = NO;
				DEBUG_INFORMATION_FORMAT = dwarf;
				ENABLE_STRICT_OBJC_MSGSEND = YES;
				ENABLE_TESTABILITY = YES;
				GCC_C_LANGUAGE_STANDARD = gnu99;
				GCC_DYNAMIC_NO_PIC = NO;
				GCC_NO_COMMON_BLOCKS = YES;
				GCC_OPTIMIZATION_LEVEL = 0;
				GCC_PREPROCESSOR_DEFINITIONS = (
					"DEBUG=1",
					"$(inherited)",
				);
				GCC_WARN_64_TO_32_BIT_CONVERSION = YES;
				GCC_WARN_ABOUT_RETURN_TYPE = YES_ERROR;
				GCC_WARN_UNDECLARED_SELECTOR = YES;
				GCC_WARN_UNINITIALIZED_AUTOS = YES_AGGRESSIVE;
				GCC_WARN_UNUSED_FUNCTION = YES;
				GCC_WARN_UNUSED_VARIABLE = YES;
				IPHONEOS_DEPLOYMENT_TARGET = 10.3;
				MTL_ENABLE_DEBUG_INFO = YES;
				ONLY_ACTIVE_ARCH = YES;
				SDKROOT = iphoneos;
				SWIFT_ACTIVE_COMPILATION_CONDITIONS = DEBUG;
				SWIFT_OPTIMIZATION_LEVEL = "-Onone";
				TARGETED_DEVICE_FAMILY = "1,2";
			};
			name = Debug;
		};
		954F2A711FB3A0D400BB975F /* Release */ = {
			isa = XCBuildConfiguration;
			buildSettings = {
				ALWAYS_SEARCH_USER_PATHS = NO;
				CLANG_ANALYZER_NONNULL = YES;
				CLANG_ANALYZER_NUMBER_OBJECT_CONVERSION = YES_AGGRESSIVE;
				CLANG_CXX_LANGUAGE_STANDARD = "gnu++0x";
				CLANG_CXX_LIBRARY = "libc++";
				CLANG_ENABLE_MODULES = YES;
				CLANG_ENABLE_OBJC_ARC = YES;
				CLANG_WARN_BOOL_CONVERSION = YES;
				CLANG_WARN_CONSTANT_CONVERSION = YES;
				CLANG_WARN_DIRECT_OBJC_ISA_USAGE = YES_ERROR;
				CLANG_WARN_DOCUMENTATION_COMMENTS = YES;
				CLANG_WARN_EMPTY_BODY = YES;
				CLANG_WARN_ENUM_CONVERSION = YES;
				CLANG_WARN_INFINITE_RECURSION = YES;
				CLANG_WARN_INT_CONVERSION = YES;
				CLANG_WARN_OBJC_ROOT_CLASS = YES_ERROR;
				CLANG_WARN_SUSPICIOUS_MOVE = YES;
				CLANG_WARN_UNREACHABLE_CODE = YES;
				CLANG_WARN__DUPLICATE_METHOD_MATCH = YES;
				"CODE_SIGN_IDENTITY[sdk=iphoneos*]" = "iPhone Developer";
				COPY_PHASE_STRIP = NO;
				DEBUG_INFORMATION_FORMAT = "dwarf-with-dsym";
				ENABLE_NS_ASSERTIONS = NO;
				ENABLE_STRICT_OBJC_MSGSEND = YES;
				GCC_C_LANGUAGE_STANDARD = gnu99;
				GCC_NO_COMMON_BLOCKS = YES;
				GCC_WARN_64_TO_32_BIT_CONVERSION = YES;
				GCC_WARN_ABOUT_RETURN_TYPE = YES_ERROR;
				GCC_WARN_UNDECLARED_SELECTOR = YES;
				GCC_WARN_UNINITIALIZED_AUTOS = YES_AGGRESSIVE;
				GCC_WARN_UNUSED_FUNCTION = YES;
				GCC_WARN_UNUSED_VARIABLE = YES;
				IPHONEOS_DEPLOYMENT_TARGET = 10.3;
				MTL_ENABLE_DEBUG_INFO = NO;
				SDKROOT = iphoneos;
				SWIFT_OPTIMIZATION_LEVEL = "-Owholemodule";
				TARGETED_DEVICE_FAMILY = "1,2";
				VALIDATE_PRODUCT = YES;
			};
			name = Release;
		};
		954F2A731FB3A0D400BB975F /* Debug */ = {
			isa = XCBuildConfiguration;
			buildSettings = {
				ASSETCATALOG_COMPILER_APPICON_NAME = AppIcon;
				DEVELOPMENT_TEAM = SF5MC74SH2;
				INFOPLIST_FILE = findCoords/Info.plist;
				LD_RUNPATH_SEARCH_PATHS = "$(inherited) @executable_path/Frameworks";
				PRODUCT_BUNDLE_IDENTIFIER = com.codingdojo.Direction;
				PRODUCT_NAME = "$(TARGET_NAME)";
				SWIFT_VERSION = 3.0;
			};
			name = Debug;
		};
		954F2A741FB3A0D400BB975F /* Release */ = {
			isa = XCBuildConfiguration;
			buildSettings = {
				ASSETCATALOG_COMPILER_APPICON_NAME = AppIcon;
				DEVELOPMENT_TEAM = SF5MC74SH2;
				INFOPLIST_FILE = findCoords/Info.plist;
				LD_RUNPATH_SEARCH_PATHS = "$(inherited) @executable_path/Frameworks";
				PRODUCT_BUNDLE_IDENTIFIER = com.codingdojo.Direction;
				PRODUCT_NAME = "$(TARGET_NAME)";
				SWIFT_VERSION = 3.0;
			};
			name = Release;
		};
		954F2A761FB3A0D400BB975F /* Debug */ = {
			isa = XCBuildConfiguration;
			buildSettings = {
				ALWAYS_EMBED_SWIFT_STANDARD_LIBRARIES = YES;
				BUNDLE_LOADER = "$(TEST_HOST)";
				DEVELOPMENT_TEAM = SF5MC74SH2;
				INFOPLIST_FILE = findCoordsTests/Info.plist;
				LD_RUNPATH_SEARCH_PATHS = "$(inherited) @executable_path/Frameworks @loader_path/Frameworks";
				PRODUCT_BUNDLE_IDENTIFIER = com.codingdojo.findCoordsTests;
				PRODUCT_NAME = "$(TARGET_NAME)";
				SWIFT_VERSION = 3.0;
				TEST_HOST = "$(BUILT_PRODUCTS_DIR)/findCoords.app/findCoords";
			};
			name = Debug;
		};
		954F2A771FB3A0D400BB975F /* Release */ = {
			isa = XCBuildConfiguration;
			buildSettings = {
				ALWAYS_EMBED_SWIFT_STANDARD_LIBRARIES = YES;
				BUNDLE_LOADER = "$(TEST_HOST)";
				DEVELOPMENT_TEAM = SF5MC74SH2;
				INFOPLIST_FILE = findCoordsTests/Info.plist;
				LD_RUNPATH_SEARCH_PATHS = "$(inherited) @executable_path/Frameworks @loader_path/Frameworks";
				PRODUCT_BUNDLE_IDENTIFIER = com.codingdojo.findCoordsTests;
				PRODUCT_NAME = "$(TARGET_NAME)";
				SWIFT_VERSION = 3.0;
				TEST_HOST = "$(BUILT_PRODUCTS_DIR)/findCoords.app/findCoords";
			};
			name = Release;
		};
		954F2A791FB3A0D400BB975F /* Debug */ = {
			isa = XCBuildConfiguration;
			buildSettings = {
				ALWAYS_EMBED_SWIFT_STANDARD_LIBRARIES = YES;
				DEVELOPMENT_TEAM = SF5MC74SH2;
				INFOPLIST_FILE = findCoordsUITests/Info.plist;
				LD_RUNPATH_SEARCH_PATHS = "$(inherited) @executable_path/Frameworks @loader_path/Frameworks";
				PRODUCT_BUNDLE_IDENTIFIER = com.codingdojo.findCoordsUITests;
				PRODUCT_NAME = "$(TARGET_NAME)";
				SWIFT_VERSION = 3.0;
				TEST_TARGET_NAME = findCoords;
			};
			name = Debug;
		};
		954F2A7A1FB3A0D400BB975F /* Release */ = {
			isa = XCBuildConfiguration;
			buildSettings = {
				ALWAYS_EMBED_SWIFT_STANDARD_LIBRARIES = YES;
				DEVELOPMENT_TEAM = SF5MC74SH2;
				INFOPLIST_FILE = findCoordsUITests/Info.plist;
				LD_RUNPATH_SEARCH_PATHS = "$(inherited) @executable_path/Frameworks @loader_path/Frameworks";
				PRODUCT_BUNDLE_IDENTIFIER = com.codingdojo.findCoordsUITests;
				PRODUCT_NAME = "$(TARGET_NAME)";
				SWIFT_VERSION = 3.0;
				TEST_TARGET_NAME = findCoords;
			};
			name = Release;
		};
/* End XCBuildConfiguration section */

/* Begin XCConfigurationList section */
		954F2A451FB3A0D300BB975F /* Build configuration list for PBXProject "findCoords" */ = {
			isa = XCConfigurationList;
			buildConfigurations = (
				954F2A701FB3A0D400BB975F /* Debug */,
				954F2A711FB3A0D400BB975F /* Release */,
			);
			defaultConfigurationIsVisible = 0;
			defaultConfigurationName = Release;
		};
		954F2A721FB3A0D400BB975F /* Build configuration list for PBXNativeTarget "findCoords" */ = {
			isa = XCConfigurationList;
			buildConfigurations = (
				954F2A731FB3A0D400BB975F /* Debug */,
				954F2A741FB3A0D400BB975F /* Release */,
			);
			defaultConfigurationIsVisible = 0;
		};
		954F2A751FB3A0D400BB975F /* Build configuration list for PBXNativeTarget "findCoordsTests" */ = {
			isa = XCConfigurationList;
			buildConfigurations = (
				954F2A761FB3A0D400BB975F /* Debug */,
				954F2A771FB3A0D400BB975F /* Release */,
			);
			defaultConfigurationIsVisible = 0;
		};
		954F2A781FB3A0D400BB975F /* Build configuration list for PBXNativeTarget "findCoordsUITests" */ = {
			isa = XCConfigurationList;
			buildConfigurations = (
				954F2A791FB3A0D400BB975F /* Debug */,
				954F2A7A1FB3A0D400BB975F /* Release */,
			);
			defaultConfigurationIsVisible = 0;
		};
/* End XCConfigurationList section */
	};
	rootObject = 954F2A421FB3A0D300BB975F /* Project object */;
}
